NeoBundleLock unite-colorscheme 3aa33866a183f7659594a3f6b66b2334eaebc6a0
NeoBundleLock VimClojure 2a17c249571395a7f45523d38cac6a9326ecf8f1
NeoBundleLock neobundle.vim 4a3bb7fb323b62f571c22ff15139fe996dc60ac8
NeoBundleLock unite.vim 52d73ca9e3f6973d94792a9a30feed7e5a1ff026
NeoBundleLock vim-gitgutter ce4e3d7c9a6796e0e9910d28865200e03f305fe4
NeoBundleLock vimshell c3e47ce227e049c5b8085a3746b6831d219ec236
NeoBundleLock vim-filetype-haskell 31b40b0961974067de569df7a7458498e4de5775
NeoBundleLock syntastic de5e025ef0b8a9eec588d618ebaebd104945af4c
NeoBundleLock vim-submode 8186099d2acc3a9a4cf09878c57308a30008c536
NeoBundleLock vim-quickrun ae97cef42ae142306e9431dce9ab97c4353e5254
NeoBundleLock vim-fugitive d3b98d988602b94dc705ca99b171bb9f5b6c8a2c
NeoBundleLock powerline 6b6245c5b33a4a50fc6a37b13eb23f3005b583f3
NeoBundleLock vim-niji c1b8e34970fdbf46fd8155c638b95d4043bc01b1
NeoBundleLock neocomplcache 237442924ac366015e6e0a8a13a31ac37be0c696
NeoBundleLock vimproc.vim eb2bc419dcac5ebf2db99794195e558f4ce204f8
NeoBundleLock vim-slime d549e80f33270d8f82a4d475e0e16cac6997fdcd
NeoBundleLock lightline.vim 22b269a50dcc591eee83bb6d6d0d6dce0641329c
NeoBundleLock vim_goshrepl db5e2ad7d0ff51d0b4d8e4a8ac4943dcacd4230f
